
Microsoft Visual Studio Solution File, Format Version 12.00
# Visual Studio Version 16
VisualStudioVersion = 16.0.31313.79
MinimumVisualStudioVersion = 10.0.40219.1
Project("{FAE04EC0-301F-11D3-BF4B-00C04F79EFBC}") = "MIPS", "MIPS\MIPS.csproj", "{13AED6A4-5ABA-4404-AEC6-08D1435DBDDC}"
EndProject
Global
	GlobalSection(SolutionConfigurationPlatforms) = preSolution
		Debug|Any CPU = Debug|Any CPU
		Release|Any CPU = Release|Any CPU
	EndGlobalSection
	GlobalSection(ProjectConfigurationPlatforms) = postSolution
		{13AED6A4-5ABA-4404-AEC6-08D1435DBDDC}.Debug|Any CPU.ActiveCfg = Debug|Any CPU
		{13AED6A4-5ABA-4404-AEC6-08D1435DBDDC}.Debug|Any CPU.Build.0 = Debug|Any CPU
		{13AED6A4-5ABA-4404-AEC6-08D1435DBDDC}.Release|Any CPU.ActiveCfg = Release|Any CPU
		{13AED6A4-5ABA-4404-AEC6-08D1435DBDDC}.Release|Any CPU.Build.0 = Release|Any CPU
	EndGlobalSection
	GlobalSection(SolutionProperties) = preSolution
		HideSolutionNode = FALSE
	EndGlobalSection
	GlobalSection(ExtensibilityGlobals) = postSolution
		SolutionGuid = {2ED1330C-8A5F-412B-9690-CF9A3A9DB86D}
	EndGlobalSection
EndGlobal
